
Microsoft Visual Studio Solution File, Format Version 12.00
# Visual Studio Version 17
VisualStudioVersion = 17.8.34316.72
MinimumVisualStudioVersion = 10.0.40219.1
Project("{2150E333-8FDC-42A3-9474-1A3956D46DE8}") = "Application", "Application", "{0378516D-39DE-4073-B5B6-6BF43D5B1CF0}"
EndProject
Project("{2150E333-8FDC-42A3-9474-1A3956D46DE8}") = "Domain", "Domain", "{8E7C2E51-F573-4ED3-8A03-A0137DAFA833}"
EndProject
Project("{2150E333-8FDC-42A3-9474-1A3956D46DE8}") = "Infraestructure", "Infraestructure", "{17C23469-CCF6-426A-A06F-0C2DA9B0C264}"
EndProject
Project("{2150E333-8FDC-42A3-9474-1A3956D46DE8}") = "Services", "Services", "{88993CAA-6C7E-4210-9861-791F64A56687}"
EndProject
Project("{2150E333-8FDC-42A3-9474-1A3956D46DE8}") = "Utilities", "Utilities", "{FCA5A5DF-553F-4D56-A091-4E89AD528127}"
EndProject
Project("{9A19103F-16F7-4668-BE54-9A1E7A4F7556}") = "CLINICAL.Domain", "src\CLINICAL.Domain\CLINICAL.Domain.csproj", "{6FFFEC14-65B2-4DE8-B8D4-F22D82AA4F78}"
EndProject
Project("{9A19103F-16F7-4668-BE54-9A1E7A4F7556}") = "CLINICAL.Infraestructure", "src\CLINICAL.Infraestructure\CLINICAL.Infraestructure.csproj", "{00454BEB-8856-4448-9BCB-F77E7150F3FC}"
EndProject
Project("{9A19103F-16F7-4668-BE54-9A1E7A4F7556}") = "CLINICAL.Persistences", "src\CLINICAL.Persistences\CLINICAL.Persistences.csproj", "{CB49C404-97ED-4825-9072-B46347347135}"
EndProject
Project("{9A19103F-16F7-4668-BE54-9A1E7A4F7556}") = "CLINICAL.Application.Interfaces", "src\CLINICAL.Application.Interfaces\CLINICAL.Application.Interfaces.csproj", "{2CB9F703-E8D5-4EC8-8FE3-8EE924B99691}"
EndProject
Project("{9A19103F-16F7-4668-BE54-9A1E7A4F7556}") = "CLINICAL.Application.Dtos", "src\CLINICAL.Application.Dtos\CLINICAL.Application.Dtos.csproj", "{10852467-A0F7-47B3-87C5-1913B1A66867}"
EndProject
Project("{9A19103F-16F7-4668-BE54-9A1E7A4F7556}") = "CLINICAL.Api", "src\CLINICAL.Api\CLINICAL.Api.csproj", "{D0FEF1C3-D02A-4D64-90D5-22F8C4EB242C}"
EndProject
Project("{9A19103F-16F7-4668-BE54-9A1E7A4F7556}") = "CLINICAL.Application.UseCase", "src\CLINICAL.Application.UseCase\CLINICAL.Application.UseCase.csproj", "{F5A292D1-4560-488D-9DB4-CE7EDFF0E01A}"
EndProject
Project("{9A19103F-16F7-4668-BE54-9A1E7A4F7556}") = "CLINICAL.Utilities", "src\CLINICAL.Utilities\CLINICAL.Utilities.csproj", "{B3A52E95-DA26-447E-B2FE-E408239035FF}"
EndProject
Global
	GlobalSection(SolutionConfigurationPlatforms) = preSolution
		Debug|Any CPU = Debug|Any CPU
		Release|Any CPU = Release|Any CPU
	EndGlobalSection
	GlobalSection(ProjectConfigurationPlatforms) = postSolution
		{6FFFEC14-65B2-4DE8-B8D4-F22D82AA4F78}.Debug|Any CPU.ActiveCfg = Debug|Any CPU
		{6FFFEC14-65B2-4DE8-B8D4-F22D82AA4F78}.Debug|Any CPU.Build.0 = Debug|Any CPU
		{6FFFEC14-65B2-4DE8-B8D4-F22D82AA4F78}.Release|Any CPU.ActiveCfg = Release|Any CPU
		{6FFFEC14-65B2-4DE8-B8D4-F22D82AA4F78}.Release|Any CPU.Build.0 = Release|Any CPU
		{00454BEB-8856-4448-9BCB-F77E7150F3FC}.Debug|Any CPU.ActiveCfg = Debug|Any CPU
		{00454BEB-8856-4448-9BCB-F77E7150F3FC}.Debug|Any CPU.Build.0 = Debug|Any CPU
		{00454BEB-8856-4448-9BCB-F77E7150F3FC}.Release|Any CPU.ActiveCfg = Release|Any CPU
		{00454BEB-8856-4448-9BCB-F77E7150F3FC}.Release|Any CPU.Build.0 = Release|Any CPU
		{CB49C404-97ED-4825-9072-B46347347135}.Debug|Any CPU.ActiveCfg = Debug|Any CPU
		{CB49C404-97ED-4825-9072-B46347347135}.Debug|Any CPU.Build.0 = Debug|Any CPU
		{CB49C404-97ED-4825-9072-B46347347135}.Release|Any CPU.ActiveCfg = Release|Any CPU
		{CB49C404-97ED-4825-9072-B46347347135}.Release|Any CPU.Build.0 = Release|Any CPU
		{2CB9F703-E8D5-4EC8-8FE3-8EE924B99691}.Debug|Any CPU.ActiveCfg = Debug|Any CPU
		{2CB9F703-E8D5-4EC8-8FE3-8EE924B99691}.Debug|Any CPU.Build.0 = Debug|Any CPU
		{2CB9F703-E8D5-4EC8-8FE3-8EE924B99691}.Release|Any CPU.ActiveCfg = Release|Any CPU
		{2CB9F703-E8D5-4EC8-8FE3-8EE924B99691}.Release|Any CPU.Build.0 = Release|Any CPU
		{10852467-A0F7-47B3-87C5-1913B1A66867}.Debug|Any CPU.ActiveCfg = Debug|Any CPU
		{10852467-A0F7-47B3-87C5-1913B1A66867}.Debug|Any CPU.Build.0 = Debug|Any CPU
		{10852467-A0F7-47B3-87C5-1913B1A66867}.Release|Any CPU.ActiveCfg = Release|Any CPU
		{10852467-A0F7-47B3-87C5-1913B1A66867}.Release|Any CPU.Build.0 = Release|Any CPU
		{D0FEF1C3-D02A-4D64-90D5-22F8C4EB242C}.Debug|Any CPU.ActiveCfg = Debug|Any CPU
		{D0FEF1C3-D02A-4D64-90D5-22F8C4EB242C}.Debug|Any CPU.Build.0 = Debug|Any CPU
		{D0FEF1C3-D02A-4D64-90D5-22F8C4EB242C}.Release|Any CPU.ActiveCfg = Release|Any CPU
		{D0FEF1C3-D02A-4D64-90D5-22F8C4EB242C}.Release|Any CPU.Build.0 = Release|Any CPU
		{F5A292D1-4560-488D-9DB4-CE7EDFF0E01A}.Debug|Any CPU.ActiveCfg = Debug|Any CPU
		{F5A292D1-4560-488D-9DB4-CE7EDFF0E01A}.Debug|Any CPU.Build.0 = Debug|Any CPU
		{F5A292D1-4560-488D-9DB4-CE7EDFF0E01A}.Release|Any CPU.ActiveCfg = Release|Any CPU
		{F5A292D1-4560-488D-9DB4-CE7EDFF0E01A}.Release|Any CPU.Build.0 = Release|Any CPU
		{B3A52E95-DA26-447E-B2FE-E408239035FF}.Debug|Any CPU.ActiveCfg = Debug|Any CPU
		{B3A52E95-DA26-447E-B2FE-E408239035FF}.Debug|Any CPU.Build.0 = Debug|Any CPU
		{B3A52E95-DA26-447E-B2FE-E408239035FF}.Release|Any CPU.ActiveCfg = Release|Any CPU
		{B3A52E95-DA26-447E-B2FE-E408239035FF}.Release|Any CPU.Build.0 = Release|Any CPU
	EndGlobalSection
	GlobalSection(SolutionProperties) = preSolution
		HideSolutionNode = FALSE
	EndGlobalSection
	GlobalSection(NestedProjects) = preSolution
		{6FFFEC14-65B2-4DE8-B8D4-F22D82AA4F78} = {8E7C2E51-F573-4ED3-8A03-A0137DAFA833}
		{00454BEB-8856-4448-9BCB-F77E7150F3FC} = {17C23469-CCF6-426A-A06F-0C2DA9B0C264}
		{CB49C404-97ED-4825-9072-B46347347135} = {17C23469-CCF6-426A-A06F-0C2DA9B0C264}
		{2CB9F703-E8D5-4EC8-8FE3-8EE924B99691} = {0378516D-39DE-4073-B5B6-6BF43D5B1CF0}
		{10852467-A0F7-47B3-87C5-1913B1A66867} = {0378516D-39DE-4073-B5B6-6BF43D5B1CF0}
		{D0FEF1C3-D02A-4D64-90D5-22F8C4EB242C} = {88993CAA-6C7E-4210-9861-791F64A56687}
		{F5A292D1-4560-488D-9DB4-CE7EDFF0E01A} = {0378516D-39DE-4073-B5B6-6BF43D5B1CF0}
		{B3A52E95-DA26-447E-B2FE-E408239035FF} = {FCA5A5DF-553F-4D56-A091-4E89AD528127}
	EndGlobalSection
	GlobalSection(ExtensibilityGlobals) = postSolution
		SolutionGuid = {A9EE53E2-F594-4651-9515-F63928D2D61E}
	EndGlobalSection
EndGlobal
